# THIS IS AN AUTOGENERATED FILE. DO NOT EDIT THIS FILE DIRECTLY.
# yarn lockfile v1


marked@^15.0.8:
  version "15.0.8"
  resolved "https://registry.yarnpkg.com/marked/-/marked-15.0.8.tgz#39873a3fdf91a520111e48aeb2ef3746d58d7166"
  integrity sha512-rli4l2LyZqpQuRve5C0rkn6pj3hT8EWPC+zkAxFTAJLxRbENfTAhEQq9itrmf1Y81QtAX5D/MYlGlIomNgj9lA==
